
Microsoft Visual Studio Solution File, Format Version 12.00
# Visual Studio Version 17
VisualStudioVersion = 17.5.002.0
MinimumVisualStudioVersion = 10.0.40219.1
Project("{9A19103F-16F7-4668-BE54-9A1E7A4F7556}") = "PlataApp", "PlataApp.csproj", "{0A8ED025-3C2F-4296-AFEB-F614E2F3908C}"
EndProject
Global
	GlobalSection(SolutionConfigurationPlatforms) = preSolution
		Debug|Any CPU = Debug|Any CPU
		Release|Any CPU = Release|Any CPU
	EndGlobalSection
	GlobalSection(ProjectConfigurationPlatforms) = postSolution
		{0A8ED025-3C2F-4296-AFEB-F614E2F3908C}.Debug|Any CPU.ActiveCfg = Debug|Any CPU
		{0A8ED025-3C2F-4296-AFEB-F614E2F3908C}.Debug|Any CPU.Build.0 = Debug|Any CPU
		{0A8ED025-3C2F-4296-AFEB-F614E2F3908C}.Release|Any CPU.ActiveCfg = Release|Any CPU
		{0A8ED025-3C2F-4296-AFEB-F614E2F3908C}.Release|Any CPU.Build.0 = Release|Any CPU
	EndGlobalSection
	GlobalSection(SolutionProperties) = preSolution
		HideSolutionNode = FALSE
	EndGlobalSection
	GlobalSection(ExtensibilityGlobals) = postSolution
		SolutionGuid = {0338B553-7FE2-4138-9EF4-75DC935728F1}
	EndGlobalSection
EndGlobal
